
Microsoft Visual Studio Solution File, Format Version 12.00
# Visual Studio 14
VisualStudioVersion = 14.0.25420.1
MinimumVisualStudioVersion = 10.0.40219.1
Project("{FAE04EC0-301F-11D3-BF4B-00C04F79EFBC}") = "Tutorial", "tutorial\Tutorial.csproj", "{EE481C93-725B-4B59-A37A-75CEE3F93831}"
EndProject
Project("{FAE04EC0-301F-11D3-BF4B-00C04F79EFBC}") = "DesignPattern", "DesignPattern\DesignPattern.csproj", "{4F9F2F9E-B919-4174-810E-ACA815862564}"
EndProject
Project("{FAE04EC0-301F-11D3-BF4B-00C04F79EFBC}") = "CSharpGuide", "Base\CSharpGuide.csproj", "{543C9D2B-5A8B-4096-88EE-B90A0B4D71ED}"
EndProject
Project("{FAE04EC0-301F-11D3-BF4B-00C04F79EFBC}") = "UnityFramework", "UnityFramework\UnityFramework.csproj", "{7BA52E33-6639-4777-B04A-423F929616CC}"
EndProject
Project("{FAE04EC0-301F-11D3-BF4B-00C04F79EFBC}") = "Newtonsoft", "Newtonsoft\Newtonsoft.csproj", "{BD17C973-F3A3-46F8-8B83-F63F94B976C3}"
EndProject
Project("{FAE04EC0-301F-11D3-BF4B-00C04F79EFBC}") = "Log4Net", "Log4Net\Log4Net.csproj", "{09D39F8A-852B-4A29-9272-BD08A225A4C2}"
EndProject
Project("{FAE04EC0-301F-11D3-BF4B-00C04F79EFBC}") = "ObjectMapper", "AutoMapper\ObjectMapper.csproj", "{20DF1DA1-8272-46FC-BD5C-B54A00A0D349}"
EndProject
Project("{FAE04EC0-301F-11D3-BF4B-00C04F79EFBC}") = "AutofacIOC", "AutoFac\AutofacIOC.csproj", "{5686D1A3-3E7D-4B50-BCD6-05594352763F}"
EndProject
Project("{FAE04EC0-301F-11D3-BF4B-00C04F79EFBC}") = "WebTest", "WebTest\WebTest.csproj", "{48179D2A-FEF4-4691-A394-EDCFA30279E8}"
EndProject
Project("{FAE04EC0-301F-11D3-BF4B-00C04F79EFBC}") = "XmlRpc", "XmlRpc\XmlRpc.csproj", "{143E755B-4DC3-4DBB-9344-EAF037339BC0}"
EndProject
Project("{FAE04EC0-301F-11D3-BF4B-00C04F79EFBC}") = "RegexTester", "RegexTester\RegexTester.csproj", "{4CEDDF0D-622B-41EE-A9B2-C7F0DC4BFE14}"
EndProject
Project("{FAE04EC0-301F-11D3-BF4B-00C04F79EFBC}") = "DotNetGuide", "DotNetGuide\DotNetGuide.csproj", "{BB75CA64-C044-49B5-976B-3E0BAE3AA953}"
EndProject
Project("{FAE04EC0-301F-11D3-BF4B-00C04F79EFBC}") = "Mongo", "Mongo\Mongo.csproj", "{4FF731C3-312D-4DD6-9201-27E35DD017AA}"
EndProject
Project("{FAE04EC0-301F-11D3-BF4B-00C04F79EFBC}") = "SocketTool", "SocketTool\SocketTool.csproj", "{E2A883BE-DD74-4294-AABA-42C170127162}"
EndProject
Project("{FAE04EC0-301F-11D3-BF4B-00C04F79EFBC}") = "Netty", "Netty\Netty.csproj", "{1567E301-668A-419C-8807-5D6254C049FB}"
EndProject
Global
	GlobalSection(SolutionConfigurationPlatforms) = preSolution
		Debug|Any CPU = Debug|Any CPU
		Release|Any CPU = Release|Any CPU
	EndGlobalSection
	GlobalSection(ProjectConfigurationPlatforms) = postSolution
		{EE481C93-725B-4B59-A37A-75CEE3F93831}.Debug|Any CPU.ActiveCfg = Debug|Any CPU
		{EE481C93-725B-4B59-A37A-75CEE3F93831}.Debug|Any CPU.Build.0 = Debug|Any CPU
		{EE481C93-725B-4B59-A37A-75CEE3F93831}.Release|Any CPU.ActiveCfg = Release|Any CPU
		{EE481C93-725B-4B59-A37A-75CEE3F93831}.Release|Any CPU.Build.0 = Release|Any CPU
		{4F9F2F9E-B919-4174-810E-ACA815862564}.Debug|Any CPU.ActiveCfg = Debug|Any CPU
		{4F9F2F9E-B919-4174-810E-ACA815862564}.Debug|Any CPU.Build.0 = Debug|Any CPU
		{4F9F2F9E-B919-4174-810E-ACA815862564}.Release|Any CPU.ActiveCfg = Release|Any CPU
		{4F9F2F9E-B919-4174-810E-ACA815862564}.Release|Any CPU.Build.0 = Release|Any CPU
		{543C9D2B-5A8B-4096-88EE-B90A0B4D71ED}.Debug|Any CPU.ActiveCfg = Debug|Any CPU
		{543C9D2B-5A8B-4096-88EE-B90A0B4D71ED}.Debug|Any CPU.Build.0 = Debug|Any CPU
		{543C9D2B-5A8B-4096-88EE-B90A0B4D71ED}.Release|Any CPU.ActiveCfg = Release|Any CPU
		{543C9D2B-5A8B-4096-88EE-B90A0B4D71ED}.Release|Any CPU.Build.0 = Release|Any CPU
		{7BA52E33-6639-4777-B04A-423F929616CC}.Debug|Any CPU.ActiveCfg = Debug|Any CPU
		{7BA52E33-6639-4777-B04A-423F929616CC}.Debug|Any CPU.Build.0 = Debug|Any CPU
		{7BA52E33-6639-4777-B04A-423F929616CC}.Release|Any CPU.ActiveCfg = Release|Any CPU
		{7BA52E33-6639-4777-B04A-423F929616CC}.Release|Any CPU.Build.0 = Release|Any CPU
		{BD17C973-F3A3-46F8-8B83-F63F94B976C3}.Debug|Any CPU.ActiveCfg = Debug|Any CPU
		{BD17C973-F3A3-46F8-8B83-F63F94B976C3}.Debug|Any CPU.Build.0 = Debug|Any CPU
		{BD17C973-F3A3-46F8-8B83-F63F94B976C3}.Release|Any CPU.ActiveCfg = Release|Any CPU
		{BD17C973-F3A3-46F8-8B83-F63F94B976C3}.Release|Any CPU.Build.0 = Release|Any CPU
		{09D39F8A-852B-4A29-9272-BD08A225A4C2}.Debug|Any CPU.ActiveCfg = Debug|Any CPU
		{09D39F8A-852B-4A29-9272-BD08A225A4C2}.Debug|Any CPU.Build.0 = Debug|Any CPU
		{09D39F8A-852B-4A29-9272-BD08A225A4C2}.Release|Any CPU.ActiveCfg = Release|Any CPU
		{09D39F8A-852B-4A29-9272-BD08A225A4C2}.Release|Any CPU.Build.0 = Release|Any CPU
		{20DF1DA1-8272-46FC-BD5C-B54A00A0D349}.Debug|Any CPU.ActiveCfg = Debug|Any CPU
		{20DF1DA1-8272-46FC-BD5C-B54A00A0D349}.Debug|Any CPU.Build.0 = Debug|Any CPU
		{20DF1DA1-8272-46FC-BD5C-B54A00A0D349}.Release|Any CPU.ActiveCfg = Release|Any CPU
		{20DF1DA1-8272-46FC-BD5C-B54A00A0D349}.Release|Any CPU.Build.0 = Release|Any CPU
		{5686D1A3-3E7D-4B50-BCD6-05594352763F}.Debug|Any CPU.ActiveCfg = Debug|Any CPU
		{5686D1A3-3E7D-4B50-BCD6-05594352763F}.Debug|Any CPU.Build.0 = Debug|Any CPU
		{5686D1A3-3E7D-4B50-BCD6-05594352763F}.Release|Any CPU.ActiveCfg = Release|Any CPU
		{5686D1A3-3E7D-4B50-BCD6-05594352763F}.Release|Any CPU.Build.0 = Release|Any CPU
		{48179D2A-FEF4-4691-A394-EDCFA30279E8}.Debug|Any CPU.ActiveCfg = Debug|Any CPU
		{48179D2A-FEF4-4691-A394-EDCFA30279E8}.Debug|Any CPU.Build.0 = Debug|Any CPU
		{48179D2A-FEF4-4691-A394-EDCFA30279E8}.Release|Any CPU.ActiveCfg = Release|Any CPU
		{48179D2A-FEF4-4691-A394-EDCFA30279E8}.Release|Any CPU.Build.0 = Release|Any CPU
		{143E755B-4DC3-4DBB-9344-EAF037339BC0}.Debug|Any CPU.ActiveCfg = Debug|Any CPU
		{143E755B-4DC3-4DBB-9344-EAF037339BC0}.Debug|Any CPU.Build.0 = Debug|Any CPU
		{143E755B-4DC3-4DBB-9344-EAF037339BC0}.Release|Any CPU.ActiveCfg = Release|Any CPU
		{143E755B-4DC3-4DBB-9344-EAF037339BC0}.Release|Any CPU.Build.0 = Release|Any CPU
		{4CEDDF0D-622B-41EE-A9B2-C7F0DC4BFE14}.Debug|Any CPU.ActiveCfg = Debug|Any CPU
		{4CEDDF0D-622B-41EE-A9B2-C7F0DC4BFE14}.Debug|Any CPU.Build.0 = Debug|Any CPU
		{4CEDDF0D-622B-41EE-A9B2-C7F0DC4BFE14}.Release|Any CPU.ActiveCfg = Release|Any CPU
		{4CEDDF0D-622B-41EE-A9B2-C7F0DC4BFE14}.Release|Any CPU.Build.0 = Release|Any CPU
		{BB75CA64-C044-49B5-976B-3E0BAE3AA953}.Debug|Any CPU.ActiveCfg = Debug|Any CPU
		{BB75CA64-C044-49B5-976B-3E0BAE3AA953}.Debug|Any CPU.Build.0 = Debug|Any CPU
		{BB75CA64-C044-49B5-976B-3E0BAE3AA953}.Release|Any CPU.ActiveCfg = Release|Any CPU
		{BB75CA64-C044-49B5-976B-3E0BAE3AA953}.Release|Any CPU.Build.0 = Release|Any CPU
		{4FF731C3-312D-4DD6-9201-27E35DD017AA}.Debug|Any CPU.ActiveCfg = Debug|Any CPU
		{4FF731C3-312D-4DD6-9201-27E35DD017AA}.Debug|Any CPU.Build.0 = Debug|Any CPU
		{4FF731C3-312D-4DD6-9201-27E35DD017AA}.Release|Any CPU.ActiveCfg = Release|Any CPU
		{4FF731C3-312D-4DD6-9201-27E35DD017AA}.Release|Any CPU.Build.0 = Release|Any CPU
		{E2A883BE-DD74-4294-AABA-42C170127162}.Debug|Any CPU.ActiveCfg = Debug|Any CPU
		{E2A883BE-DD74-4294-AABA-42C170127162}.Debug|Any CPU.Build.0 = Debug|Any CPU
		{E2A883BE-DD74-4294-AABA-42C170127162}.Release|Any CPU.ActiveCfg = Release|Any CPU
		{E2A883BE-DD74-4294-AABA-42C170127162}.Release|Any CPU.Build.0 = Release|Any CPU
		{1567E301-668A-419C-8807-5D6254C049FB}.Debug|Any CPU.ActiveCfg = Debug|Any CPU
		{1567E301-668A-419C-8807-5D6254C049FB}.Debug|Any CPU.Build.0 = Debug|Any CPU
		{1567E301-668A-419C-8807-5D6254C049FB}.Release|Any CPU.ActiveCfg = Release|Any CPU
		{1567E301-668A-419C-8807-5D6254C049FB}.Release|Any CPU.Build.0 = Release|Any CPU
	EndGlobalSection
	GlobalSection(SolutionProperties) = preSolution
		HideSolutionNode = FALSE
	EndGlobalSection
EndGlobal
