
Microsoft Visual Studio Solution File, Format Version 12.00
# Visual Studio 14
VisualStudioVersion = 14.0.24720.0
MinimumVisualStudioVersion = 10.0.40219.1
Project("{FAE04EC0-301F-11D3-BF4B-00C04F79EFBC}") = "Tutorial", "tutorial\Tutorial.csproj", "{EE481C93-725B-4B59-A37A-75CEE3F93831}"
EndProject
Project("{FAE04EC0-301F-11D3-BF4B-00C04F79EFBC}") = "DesignPattern", "DesignPattern\DesignPattern.csproj", "{4F9F2F9E-B919-4174-810E-ACA815862564}"
EndProject
Global
	GlobalSection(SolutionConfigurationPlatforms) = preSolution
		Debug|Any CPU = Debug|Any CPU
		Release|Any CPU = Release|Any CPU
	EndGlobalSection
	GlobalSection(ProjectConfigurationPlatforms) = postSolution
		{EE481C93-725B-4B59-A37A-75CEE3F93831}.Debug|Any CPU.ActiveCfg = Debug|Any CPU
		{EE481C93-725B-4B59-A37A-75CEE3F93831}.Debug|Any CPU.Build.0 = Debug|Any CPU
		{EE481C93-725B-4B59-A37A-75CEE3F93831}.Release|Any CPU.ActiveCfg = Release|Any CPU
		{EE481C93-725B-4B59-A37A-75CEE3F93831}.Release|Any CPU.Build.0 = Release|Any CPU
		{4F9F2F9E-B919-4174-810E-ACA815862564}.Debug|Any CPU.ActiveCfg = Debug|Any CPU
		{4F9F2F9E-B919-4174-810E-ACA815862564}.Debug|Any CPU.Build.0 = Debug|Any CPU
		{4F9F2F9E-B919-4174-810E-ACA815862564}.Release|Any CPU.ActiveCfg = Release|Any CPU
		{4F9F2F9E-B919-4174-810E-ACA815862564}.Release|Any CPU.Build.0 = Release|Any CPU
	EndGlobalSection
	GlobalSection(SolutionProperties) = preSolution
		HideSolutionNode = FALSE
	EndGlobalSection
EndGlobal
