
Microsoft Visual Studio Solution File, Format Version 12.00
# Visual Studio 15
VisualStudioVersion = 15.0.28010.2026
MinimumVisualStudioVersion = 10.0.40219.1
Project("{FAE04EC0-301F-11D3-BF4B-00C04F79EFBC}") = "DesignPattern", "DesignPattern\DesignPattern.csproj", "{4F9F2F9E-B919-4174-810E-ACA815862564}"
EndProject
Project("{FAE04EC0-301F-11D3-BF4B-00C04F79EFBC}") = "CSharpGuide", "Base\CSharpGuide.csproj", "{543C9D2B-5A8B-4096-88EE-B90A0B4D71ED}"
EndProject
Project("{FAE04EC0-301F-11D3-BF4B-00C04F79EFBC}") = "Newtonsoft", "Newtonsoft\Newtonsoft.csproj", "{BD17C973-F3A3-46F8-8B83-F63F94B976C3}"
EndProject
Project("{FAE04EC0-301F-11D3-BF4B-00C04F79EFBC}") = "Log4Net", "Log4Net\Log4Net.csproj", "{09D39F8A-852B-4A29-9272-BD08A225A4C2}"
EndProject
Project("{FAE04EC0-301F-11D3-BF4B-00C04F79EFBC}") = "ObjectMapper", "AutoMapper\ObjectMapper.csproj", "{20DF1DA1-8272-46FC-BD5C-B54A00A0D349}"
EndProject
Project("{FAE04EC0-301F-11D3-BF4B-00C04F79EFBC}") = "AutofacIOC", "AutoFac\AutofacIOC.csproj", "{5686D1A3-3E7D-4B50-BCD6-05594352763F}"
EndProject
Project("{FAE04EC0-301F-11D3-BF4B-00C04F79EFBC}") = "WebTest", "WebTest\WebTest.csproj", "{48179D2A-FEF4-4691-A394-EDCFA30279E8}"
EndProject
Project("{FAE04EC0-301F-11D3-BF4B-00C04F79EFBC}") = "XmlRpc", "XmlRpc\XmlRpc.csproj", "{143E755B-4DC3-4DBB-9344-EAF037339BC0}"
EndProject
Project("{FAE04EC0-301F-11D3-BF4B-00C04F79EFBC}") = "RegexTester", "RegexTester\RegexTester.csproj", "{4CEDDF0D-622B-41EE-A9B2-C7F0DC4BFE14}"
EndProject
Project("{FAE04EC0-301F-11D3-BF4B-00C04F79EFBC}") = "DotNetGuide", "DotNetGuide\DotNetGuide.csproj", "{BB75CA64-C044-49B5-976B-3E0BAE3AA953}"
EndProject
Project("{FAE04EC0-301F-11D3-BF4B-00C04F79EFBC}") = "Mongo", "Mongo\Mongo.csproj", "{4FF731C3-312D-4DD6-9201-27E35DD017AA}"
EndProject
Project("{FAE04EC0-301F-11D3-BF4B-00C04F79EFBC}") = "SocketTool", "SocketTool\SocketTool.csproj", "{E2A883BE-DD74-4294-AABA-42C170127162}"
EndProject
Project("{FAE04EC0-301F-11D3-BF4B-00C04F79EFBC}") = "Netty", "Netty\Netty.csproj", "{1567E301-668A-419C-8807-5D6254C049FB}"
EndProject
Project("{FAE04EC0-301F-11D3-BF4B-00C04F79EFBC}") = "ProtoBufSerialize", "ProtoBufSerialize\ProtoBufSerialize.csproj", "{05ED981F-9495-41DA-82BB-718F663B982A}"
EndProject
Project("{FAE04EC0-301F-11D3-BF4B-00C04F79EFBC}") = "PictureBoxZoom", "PictureBoxZoom\PictureBoxZoom.csproj", "{7B983FF9-3AF7-45C9-B019-FFD5FBED4A8E}"
EndProject
Project("{FAE04EC0-301F-11D3-BF4B-00C04F79EFBC}") = "OwinSelfhostSample", "OwinSelfhostSample\OwinSelfhostSample.csproj", "{20FD8D4B-C30C-4642-9965-E5F342CA1735}"
EndProject
Project("{FAE04EC0-301F-11D3-BF4B-00C04F79EFBC}") = "Quart", "Quart\Quart.csproj", "{FBB7B42E-AC91-48D8-B410-AB75FC382056}"
EndProject
Project("{FAE04EC0-301F-11D3-BF4B-00C04F79EFBC}") = "Algorithm", "Algorithm\Algorithm.csproj", "{154D340B-B3B8-4390-BE21-0AC6B583E2EA}"
EndProject
Project("{FAE04EC0-301F-11D3-BF4B-00C04F79EFBC}") = "Wms", "Wms\Wms.csproj", "{99D07147-2764-434C-84DB-AE5532C39817}"
EndProject
Project("{FAE04EC0-301F-11D3-BF4B-00C04F79EFBC}") = "SampleDotfuscator", "SampleDotfuscator\SampleDotfuscator.csproj", "{3B3D46BF-B46D-4605-AC90-A5927C2E852E}"
EndProject
Global
	GlobalSection(SolutionConfigurationPlatforms) = preSolution
		Debug|Any CPU = Debug|Any CPU
		Debug|x64 = Debug|x64
		Debug|x86 = Debug|x86
		Release|Any CPU = Release|Any CPU
		Release|x64 = Release|x64
		Release|x86 = Release|x86
	EndGlobalSection
	GlobalSection(ProjectConfigurationPlatforms) = postSolution
		{4F9F2F9E-B919-4174-810E-ACA815862564}.Debug|Any CPU.ActiveCfg = Debug|Any CPU
		{4F9F2F9E-B919-4174-810E-ACA815862564}.Debug|Any CPU.Build.0 = Debug|Any CPU
		{4F9F2F9E-B919-4174-810E-ACA815862564}.Debug|x64.ActiveCfg = Debug|Any CPU
		{4F9F2F9E-B919-4174-810E-ACA815862564}.Debug|x64.Build.0 = Debug|Any CPU
		{4F9F2F9E-B919-4174-810E-ACA815862564}.Debug|x86.ActiveCfg = Debug|Any CPU
		{4F9F2F9E-B919-4174-810E-ACA815862564}.Debug|x86.Build.0 = Debug|Any CPU
		{4F9F2F9E-B919-4174-810E-ACA815862564}.Release|Any CPU.ActiveCfg = Release|Any CPU
		{4F9F2F9E-B919-4174-810E-ACA815862564}.Release|Any CPU.Build.0 = Release|Any CPU
		{4F9F2F9E-B919-4174-810E-ACA815862564}.Release|x64.ActiveCfg = Release|Any CPU
		{4F9F2F9E-B919-4174-810E-ACA815862564}.Release|x64.Build.0 = Release|Any CPU
		{4F9F2F9E-B919-4174-810E-ACA815862564}.Release|x86.ActiveCfg = Release|Any CPU
		{4F9F2F9E-B919-4174-810E-ACA815862564}.Release|x86.Build.0 = Release|Any CPU
		{543C9D2B-5A8B-4096-88EE-B90A0B4D71ED}.Debug|Any CPU.ActiveCfg = Debug|Any CPU
		{543C9D2B-5A8B-4096-88EE-B90A0B4D71ED}.Debug|Any CPU.Build.0 = Debug|Any CPU
		{543C9D2B-5A8B-4096-88EE-B90A0B4D71ED}.Debug|x64.ActiveCfg = Debug|Any CPU
		{543C9D2B-5A8B-4096-88EE-B90A0B4D71ED}.Debug|x64.Build.0 = Debug|Any CPU
		{543C9D2B-5A8B-4096-88EE-B90A0B4D71ED}.Debug|x86.ActiveCfg = Debug|Any CPU
		{543C9D2B-5A8B-4096-88EE-B90A0B4D71ED}.Debug|x86.Build.0 = Debug|Any CPU
		{543C9D2B-5A8B-4096-88EE-B90A0B4D71ED}.Release|Any CPU.ActiveCfg = Release|Any CPU
		{543C9D2B-5A8B-4096-88EE-B90A0B4D71ED}.Release|Any CPU.Build.0 = Release|Any CPU
		{543C9D2B-5A8B-4096-88EE-B90A0B4D71ED}.Release|x64.ActiveCfg = Release|Any CPU
		{543C9D2B-5A8B-4096-88EE-B90A0B4D71ED}.Release|x64.Build.0 = Release|Any CPU
		{543C9D2B-5A8B-4096-88EE-B90A0B4D71ED}.Release|x86.ActiveCfg = Release|Any CPU
		{543C9D2B-5A8B-4096-88EE-B90A0B4D71ED}.Release|x86.Build.0 = Release|Any CPU
		{BD17C973-F3A3-46F8-8B83-F63F94B976C3}.Debug|Any CPU.ActiveCfg = Debug|Any CPU
		{BD17C973-F3A3-46F8-8B83-F63F94B976C3}.Debug|Any CPU.Build.0 = Debug|Any CPU
		{BD17C973-F3A3-46F8-8B83-F63F94B976C3}.Debug|x64.ActiveCfg = Debug|Any CPU
		{BD17C973-F3A3-46F8-8B83-F63F94B976C3}.Debug|x64.Build.0 = Debug|Any CPU
		{BD17C973-F3A3-46F8-8B83-F63F94B976C3}.Debug|x86.ActiveCfg = Debug|Any CPU
		{BD17C973-F3A3-46F8-8B83-F63F94B976C3}.Debug|x86.Build.0 = Debug|Any CPU
		{BD17C973-F3A3-46F8-8B83-F63F94B976C3}.Release|Any CPU.ActiveCfg = Release|Any CPU
		{BD17C973-F3A3-46F8-8B83-F63F94B976C3}.Release|Any CPU.Build.0 = Release|Any CPU
		{BD17C973-F3A3-46F8-8B83-F63F94B976C3}.Release|x64.ActiveCfg = Release|Any CPU
		{BD17C973-F3A3-46F8-8B83-F63F94B976C3}.Release|x64.Build.0 = Release|Any CPU
		{BD17C973-F3A3-46F8-8B83-F63F94B976C3}.Release|x86.ActiveCfg = Release|Any CPU
		{BD17C973-F3A3-46F8-8B83-F63F94B976C3}.Release|x86.Build.0 = Release|Any CPU
		{09D39F8A-852B-4A29-9272-BD08A225A4C2}.Debug|Any CPU.ActiveCfg = Debug|Any CPU
		{09D39F8A-852B-4A29-9272-BD08A225A4C2}.Debug|Any CPU.Build.0 = Debug|Any CPU
		{09D39F8A-852B-4A29-9272-BD08A225A4C2}.Debug|x64.ActiveCfg = Debug|Any CPU
		{09D39F8A-852B-4A29-9272-BD08A225A4C2}.Debug|x64.Build.0 = Debug|Any CPU
		{09D39F8A-852B-4A29-9272-BD08A225A4C2}.Debug|x86.ActiveCfg = Debug|Any CPU
		{09D39F8A-852B-4A29-9272-BD08A225A4C2}.Debug|x86.Build.0 = Debug|Any CPU
		{09D39F8A-852B-4A29-9272-BD08A225A4C2}.Release|Any CPU.ActiveCfg = Release|Any CPU
		{09D39F8A-852B-4A29-9272-BD08A225A4C2}.Release|Any CPU.Build.0 = Release|Any CPU
		{09D39F8A-852B-4A29-9272-BD08A225A4C2}.Release|x64.ActiveCfg = Release|Any CPU
		{09D39F8A-852B-4A29-9272-BD08A225A4C2}.Release|x64.Build.0 = Release|Any CPU
		{09D39F8A-852B-4A29-9272-BD08A225A4C2}.Release|x86.ActiveCfg = Release|Any CPU
		{09D39F8A-852B-4A29-9272-BD08A225A4C2}.Release|x86.Build.0 = Release|Any CPU
		{20DF1DA1-8272-46FC-BD5C-B54A00A0D349}.Debug|Any CPU.ActiveCfg = Debug|Any CPU
		{20DF1DA1-8272-46FC-BD5C-B54A00A0D349}.Debug|Any CPU.Build.0 = Debug|Any CPU
		{20DF1DA1-8272-46FC-BD5C-B54A00A0D349}.Debug|x64.ActiveCfg = Debug|Any CPU
		{20DF1DA1-8272-46FC-BD5C-B54A00A0D349}.Debug|x64.Build.0 = Debug|Any CPU
		{20DF1DA1-8272-46FC-BD5C-B54A00A0D349}.Debug|x86.ActiveCfg = Debug|Any CPU
		{20DF1DA1-8272-46FC-BD5C-B54A00A0D349}.Debug|x86.Build.0 = Debug|Any CPU
		{20DF1DA1-8272-46FC-BD5C-B54A00A0D349}.Release|Any CPU.ActiveCfg = Release|Any CPU
		{20DF1DA1-8272-46FC-BD5C-B54A00A0D349}.Release|Any CPU.Build.0 = Release|Any CPU
		{20DF1DA1-8272-46FC-BD5C-B54A00A0D349}.Release|x64.ActiveCfg = Release|Any CPU
		{20DF1DA1-8272-46FC-BD5C-B54A00A0D349}.Release|x64.Build.0 = Release|Any CPU
		{20DF1DA1-8272-46FC-BD5C-B54A00A0D349}.Release|x86.ActiveCfg = Release|Any CPU
		{20DF1DA1-8272-46FC-BD5C-B54A00A0D349}.Release|x86.Build.0 = Release|Any CPU
		{5686D1A3-3E7D-4B50-BCD6-05594352763F}.Debug|Any CPU.ActiveCfg = Debug|Any CPU
		{5686D1A3-3E7D-4B50-BCD6-05594352763F}.Debug|Any CPU.Build.0 = Debug|Any CPU
		{5686D1A3-3E7D-4B50-BCD6-05594352763F}.Debug|x64.ActiveCfg = Debug|Any CPU
		{5686D1A3-3E7D-4B50-BCD6-05594352763F}.Debug|x64.Build.0 = Debug|Any CPU
		{5686D1A3-3E7D-4B50-BCD6-05594352763F}.Debug|x86.ActiveCfg = Debug|Any CPU
		{5686D1A3-3E7D-4B50-BCD6-05594352763F}.Debug|x86.Build.0 = Debug|Any CPU
		{5686D1A3-3E7D-4B50-BCD6-05594352763F}.Release|Any CPU.ActiveCfg = Release|Any CPU
		{5686D1A3-3E7D-4B50-BCD6-05594352763F}.Release|Any CPU.Build.0 = Release|Any CPU
		{5686D1A3-3E7D-4B50-BCD6-05594352763F}.Release|x64.ActiveCfg = Release|Any CPU
		{5686D1A3-3E7D-4B50-BCD6-05594352763F}.Release|x64.Build.0 = Release|Any CPU
		{5686D1A3-3E7D-4B50-BCD6-05594352763F}.Release|x86.ActiveCfg = Release|Any CPU
		{5686D1A3-3E7D-4B50-BCD6-05594352763F}.Release|x86.Build.0 = Release|Any CPU
		{48179D2A-FEF4-4691-A394-EDCFA30279E8}.Debug|Any CPU.ActiveCfg = Debug|Any CPU
		{48179D2A-FEF4-4691-A394-EDCFA30279E8}.Debug|Any CPU.Build.0 = Debug|Any CPU
		{48179D2A-FEF4-4691-A394-EDCFA30279E8}.Debug|x64.ActiveCfg = Debug|Any CPU
		{48179D2A-FEF4-4691-A394-EDCFA30279E8}.Debug|x64.Build.0 = Debug|Any CPU
		{48179D2A-FEF4-4691-A394-EDCFA30279E8}.Debug|x86.ActiveCfg = Debug|Any CPU
		{48179D2A-FEF4-4691-A394-EDCFA30279E8}.Debug|x86.Build.0 = Debug|Any CPU
		{48179D2A-FEF4-4691-A394-EDCFA30279E8}.Release|Any CPU.ActiveCfg = Release|Any CPU
		{48179D2A-FEF4-4691-A394-EDCFA30279E8}.Release|Any CPU.Build.0 = Release|Any CPU
		{48179D2A-FEF4-4691-A394-EDCFA30279E8}.Release|x64.ActiveCfg = Release|Any CPU
		{48179D2A-FEF4-4691-A394-EDCFA30279E8}.Release|x64.Build.0 = Release|Any CPU
		{48179D2A-FEF4-4691-A394-EDCFA30279E8}.Release|x86.ActiveCfg = Release|Any CPU
		{48179D2A-FEF4-4691-A394-EDCFA30279E8}.Release|x86.Build.0 = Release|Any CPU
		{143E755B-4DC3-4DBB-9344-EAF037339BC0}.Debug|Any CPU.ActiveCfg = Debug|Any CPU
		{143E755B-4DC3-4DBB-9344-EAF037339BC0}.Debug|Any CPU.Build.0 = Debug|Any CPU
		{143E755B-4DC3-4DBB-9344-EAF037339BC0}.Debug|x64.ActiveCfg = Debug|Any CPU
		{143E755B-4DC3-4DBB-9344-EAF037339BC0}.Debug|x64.Build.0 = Debug|Any CPU
		{143E755B-4DC3-4DBB-9344-EAF037339BC0}.Debug|x86.ActiveCfg = Debug|Any CPU
		{143E755B-4DC3-4DBB-9344-EAF037339BC0}.Debug|x86.Build.0 = Debug|Any CPU
		{143E755B-4DC3-4DBB-9344-EAF037339BC0}.Release|Any CPU.ActiveCfg = Release|Any CPU
		{143E755B-4DC3-4DBB-9344-EAF037339BC0}.Release|Any CPU.Build.0 = Release|Any CPU
		{143E755B-4DC3-4DBB-9344-EAF037339BC0}.Release|x64.ActiveCfg = Release|Any CPU
		{143E755B-4DC3-4DBB-9344-EAF037339BC0}.Release|x64.Build.0 = Release|Any CPU
		{143E755B-4DC3-4DBB-9344-EAF037339BC0}.Release|x86.ActiveCfg = Release|Any CPU
		{143E755B-4DC3-4DBB-9344-EAF037339BC0}.Release|x86.Build.0 = Release|Any CPU
		{4CEDDF0D-622B-41EE-A9B2-C7F0DC4BFE14}.Debug|Any CPU.ActiveCfg = Debug|Any CPU
		{4CEDDF0D-622B-41EE-A9B2-C7F0DC4BFE14}.Debug|Any CPU.Build.0 = Debug|Any CPU
		{4CEDDF0D-622B-41EE-A9B2-C7F0DC4BFE14}.Debug|x64.ActiveCfg = Debug|Any CPU
		{4CEDDF0D-622B-41EE-A9B2-C7F0DC4BFE14}.Debug|x64.Build.0 = Debug|Any CPU
		{4CEDDF0D-622B-41EE-A9B2-C7F0DC4BFE14}.Debug|x86.ActiveCfg = Debug|Any CPU
		{4CEDDF0D-622B-41EE-A9B2-C7F0DC4BFE14}.Debug|x86.Build.0 = Debug|Any CPU
		{4CEDDF0D-622B-41EE-A9B2-C7F0DC4BFE14}.Release|Any CPU.ActiveCfg = Release|Any CPU
		{4CEDDF0D-622B-41EE-A9B2-C7F0DC4BFE14}.Release|Any CPU.Build.0 = Release|Any CPU
		{4CEDDF0D-622B-41EE-A9B2-C7F0DC4BFE14}.Release|x64.ActiveCfg = Release|Any CPU
		{4CEDDF0D-622B-41EE-A9B2-C7F0DC4BFE14}.Release|x64.Build.0 = Release|Any CPU
		{4CEDDF0D-622B-41EE-A9B2-C7F0DC4BFE14}.Release|x86.ActiveCfg = Release|Any CPU
		{4CEDDF0D-622B-41EE-A9B2-C7F0DC4BFE14}.Release|x86.Build.0 = Release|Any CPU
		{BB75CA64-C044-49B5-976B-3E0BAE3AA953}.Debug|Any CPU.ActiveCfg = Debug|Any CPU
		{BB75CA64-C044-49B5-976B-3E0BAE3AA953}.Debug|Any CPU.Build.0 = Debug|Any CPU
		{BB75CA64-C044-49B5-976B-3E0BAE3AA953}.Debug|x64.ActiveCfg = Debug|Any CPU
		{BB75CA64-C044-49B5-976B-3E0BAE3AA953}.Debug|x64.Build.0 = Debug|Any CPU
		{BB75CA64-C044-49B5-976B-3E0BAE3AA953}.Debug|x86.ActiveCfg = Debug|Any CPU
		{BB75CA64-C044-49B5-976B-3E0BAE3AA953}.Debug|x86.Build.0 = Debug|Any CPU
		{BB75CA64-C044-49B5-976B-3E0BAE3AA953}.Release|Any CPU.ActiveCfg = Release|Any CPU
		{BB75CA64-C044-49B5-976B-3E0BAE3AA953}.Release|Any CPU.Build.0 = Release|Any CPU
		{BB75CA64-C044-49B5-976B-3E0BAE3AA953}.Release|x64.ActiveCfg = Release|Any CPU
		{BB75CA64-C044-49B5-976B-3E0BAE3AA953}.Release|x64.Build.0 = Release|Any CPU
		{BB75CA64-C044-49B5-976B-3E0BAE3AA953}.Release|x86.ActiveCfg = Release|Any CPU
		{BB75CA64-C044-49B5-976B-3E0BAE3AA953}.Release|x86.Build.0 = Release|Any CPU
		{4FF731C3-312D-4DD6-9201-27E35DD017AA}.Debug|Any CPU.ActiveCfg = Debug|Any CPU
		{4FF731C3-312D-4DD6-9201-27E35DD017AA}.Debug|Any CPU.Build.0 = Debug|Any CPU
		{4FF731C3-312D-4DD6-9201-27E35DD017AA}.Debug|x64.ActiveCfg = Debug|Any CPU
		{4FF731C3-312D-4DD6-9201-27E35DD017AA}.Debug|x64.Build.0 = Debug|Any CPU
		{4FF731C3-312D-4DD6-9201-27E35DD017AA}.Debug|x86.ActiveCfg = Debug|Any CPU
		{4FF731C3-312D-4DD6-9201-27E35DD017AA}.Debug|x86.Build.0 = Debug|Any CPU
		{4FF731C3-312D-4DD6-9201-27E35DD017AA}.Release|Any CPU.ActiveCfg = Release|Any CPU
		{4FF731C3-312D-4DD6-9201-27E35DD017AA}.Release|Any CPU.Build.0 = Release|Any CPU
		{4FF731C3-312D-4DD6-9201-27E35DD017AA}.Release|x64.ActiveCfg = Release|Any CPU
		{4FF731C3-312D-4DD6-9201-27E35DD017AA}.Release|x64.Build.0 = Release|Any CPU
		{4FF731C3-312D-4DD6-9201-27E35DD017AA}.Release|x86.ActiveCfg = Release|Any CPU
		{4FF731C3-312D-4DD6-9201-27E35DD017AA}.Release|x86.Build.0 = Release|Any CPU
		{E2A883BE-DD74-4294-AABA-42C170127162}.Debug|Any CPU.ActiveCfg = Debug|Any CPU
		{E2A883BE-DD74-4294-AABA-42C170127162}.Debug|Any CPU.Build.0 = Debug|Any CPU
		{E2A883BE-DD74-4294-AABA-42C170127162}.Debug|x64.ActiveCfg = Debug|Any CPU
		{E2A883BE-DD74-4294-AABA-42C170127162}.Debug|x64.Build.0 = Debug|Any CPU
		{E2A883BE-DD74-4294-AABA-42C170127162}.Debug|x86.ActiveCfg = Debug|Any CPU
		{E2A883BE-DD74-4294-AABA-42C170127162}.Debug|x86.Build.0 = Debug|Any CPU
		{E2A883BE-DD74-4294-AABA-42C170127162}.Release|Any CPU.ActiveCfg = Release|Any CPU
		{E2A883BE-DD74-4294-AABA-42C170127162}.Release|Any CPU.Build.0 = Release|Any CPU
		{E2A883BE-DD74-4294-AABA-42C170127162}.Release|x64.ActiveCfg = Release|Any CPU
		{E2A883BE-DD74-4294-AABA-42C170127162}.Release|x64.Build.0 = Release|Any CPU
		{E2A883BE-DD74-4294-AABA-42C170127162}.Release|x86.ActiveCfg = Release|Any CPU
		{E2A883BE-DD74-4294-AABA-42C170127162}.Release|x86.Build.0 = Release|Any CPU
		{1567E301-668A-419C-8807-5D6254C049FB}.Debug|Any CPU.ActiveCfg = Debug|Any CPU
		{1567E301-668A-419C-8807-5D6254C049FB}.Debug|Any CPU.Build.0 = Debug|Any CPU
		{1567E301-668A-419C-8807-5D6254C049FB}.Debug|x64.ActiveCfg = Debug|Any CPU
		{1567E301-668A-419C-8807-5D6254C049FB}.Debug|x64.Build.0 = Debug|Any CPU
		{1567E301-668A-419C-8807-5D6254C049FB}.Debug|x86.ActiveCfg = Debug|Any CPU
		{1567E301-668A-419C-8807-5D6254C049FB}.Debug|x86.Build.0 = Debug|Any CPU
		{1567E301-668A-419C-8807-5D6254C049FB}.Release|Any CPU.ActiveCfg = Release|Any CPU
		{1567E301-668A-419C-8807-5D6254C049FB}.Release|Any CPU.Build.0 = Release|Any CPU
		{1567E301-668A-419C-8807-5D6254C049FB}.Release|x64.ActiveCfg = Release|Any CPU
		{1567E301-668A-419C-8807-5D6254C049FB}.Release|x64.Build.0 = Release|Any CPU
		{1567E301-668A-419C-8807-5D6254C049FB}.Release|x86.ActiveCfg = Release|Any CPU
		{1567E301-668A-419C-8807-5D6254C049FB}.Release|x86.Build.0 = Release|Any CPU
		{05ED981F-9495-41DA-82BB-718F663B982A}.Debug|Any CPU.ActiveCfg = Debug|Any CPU
		{05ED981F-9495-41DA-82BB-718F663B982A}.Debug|Any CPU.Build.0 = Debug|Any CPU
		{05ED981F-9495-41DA-82BB-718F663B982A}.Debug|x64.ActiveCfg = Debug|Any CPU
		{05ED981F-9495-41DA-82BB-718F663B982A}.Debug|x64.Build.0 = Debug|Any CPU
		{05ED981F-9495-41DA-82BB-718F663B982A}.Debug|x86.ActiveCfg = Debug|Any CPU
		{05ED981F-9495-41DA-82BB-718F663B982A}.Debug|x86.Build.0 = Debug|Any CPU
		{05ED981F-9495-41DA-82BB-718F663B982A}.Release|Any CPU.ActiveCfg = Release|Any CPU
		{05ED981F-9495-41DA-82BB-718F663B982A}.Release|Any CPU.Build.0 = Release|Any CPU
		{05ED981F-9495-41DA-82BB-718F663B982A}.Release|x64.ActiveCfg = Release|Any CPU
		{05ED981F-9495-41DA-82BB-718F663B982A}.Release|x64.Build.0 = Release|Any CPU
		{05ED981F-9495-41DA-82BB-718F663B982A}.Release|x86.ActiveCfg = Release|Any CPU
		{05ED981F-9495-41DA-82BB-718F663B982A}.Release|x86.Build.0 = Release|Any CPU
		{7B983FF9-3AF7-45C9-B019-FFD5FBED4A8E}.Debug|Any CPU.ActiveCfg = Debug|Any CPU
		{7B983FF9-3AF7-45C9-B019-FFD5FBED4A8E}.Debug|Any CPU.Build.0 = Debug|Any CPU
		{7B983FF9-3AF7-45C9-B019-FFD5FBED4A8E}.Debug|x64.ActiveCfg = Debug|Any CPU
		{7B983FF9-3AF7-45C9-B019-FFD5FBED4A8E}.Debug|x64.Build.0 = Debug|Any CPU
		{7B983FF9-3AF7-45C9-B019-FFD5FBED4A8E}.Debug|x86.ActiveCfg = Debug|Any CPU
		{7B983FF9-3AF7-45C9-B019-FFD5FBED4A8E}.Debug|x86.Build.0 = Debug|Any CPU
		{7B983FF9-3AF7-45C9-B019-FFD5FBED4A8E}.Release|Any CPU.ActiveCfg = Release|Any CPU
		{7B983FF9-3AF7-45C9-B019-FFD5FBED4A8E}.Release|Any CPU.Build.0 = Release|Any CPU
		{7B983FF9-3AF7-45C9-B019-FFD5FBED4A8E}.Release|x64.ActiveCfg = Release|Any CPU
		{7B983FF9-3AF7-45C9-B019-FFD5FBED4A8E}.Release|x64.Build.0 = Release|Any CPU
		{7B983FF9-3AF7-45C9-B019-FFD5FBED4A8E}.Release|x86.ActiveCfg = Release|Any CPU
		{7B983FF9-3AF7-45C9-B019-FFD5FBED4A8E}.Release|x86.Build.0 = Release|Any CPU
		{20FD8D4B-C30C-4642-9965-E5F342CA1735}.Debug|Any CPU.ActiveCfg = Debug|Any CPU
		{20FD8D4B-C30C-4642-9965-E5F342CA1735}.Debug|Any CPU.Build.0 = Debug|Any CPU
		{20FD8D4B-C30C-4642-9965-E5F342CA1735}.Debug|x64.ActiveCfg = Debug|Any CPU
		{20FD8D4B-C30C-4642-9965-E5F342CA1735}.Debug|x64.Build.0 = Debug|Any CPU
		{20FD8D4B-C30C-4642-9965-E5F342CA1735}.Debug|x86.ActiveCfg = Debug|Any CPU
		{20FD8D4B-C30C-4642-9965-E5F342CA1735}.Debug|x86.Build.0 = Debug|Any CPU
		{20FD8D4B-C30C-4642-9965-E5F342CA1735}.Release|Any CPU.ActiveCfg = Release|Any CPU
		{20FD8D4B-C30C-4642-9965-E5F342CA1735}.Release|Any CPU.Build.0 = Release|Any CPU
		{20FD8D4B-C30C-4642-9965-E5F342CA1735}.Release|x64.ActiveCfg = Release|Any CPU
		{20FD8D4B-C30C-4642-9965-E5F342CA1735}.Release|x64.Build.0 = Release|Any CPU
		{20FD8D4B-C30C-4642-9965-E5F342CA1735}.Release|x86.ActiveCfg = Release|Any CPU
		{20FD8D4B-C30C-4642-9965-E5F342CA1735}.Release|x86.Build.0 = Release|Any CPU
		{FBB7B42E-AC91-48D8-B410-AB75FC382056}.Debug|Any CPU.ActiveCfg = Debug|Any CPU
		{FBB7B42E-AC91-48D8-B410-AB75FC382056}.Debug|Any CPU.Build.0 = Debug|Any CPU
		{FBB7B42E-AC91-48D8-B410-AB75FC382056}.Debug|x64.ActiveCfg = Debug|Any CPU
		{FBB7B42E-AC91-48D8-B410-AB75FC382056}.Debug|x64.Build.0 = Debug|Any CPU
		{FBB7B42E-AC91-48D8-B410-AB75FC382056}.Debug|x86.ActiveCfg = Debug|Any CPU
		{FBB7B42E-AC91-48D8-B410-AB75FC382056}.Debug|x86.Build.0 = Debug|Any CPU
		{FBB7B42E-AC91-48D8-B410-AB75FC382056}.Release|Any CPU.ActiveCfg = Release|Any CPU
		{FBB7B42E-AC91-48D8-B410-AB75FC382056}.Release|Any CPU.Build.0 = Release|Any CPU
		{FBB7B42E-AC91-48D8-B410-AB75FC382056}.Release|x64.ActiveCfg = Release|Any CPU
		{FBB7B42E-AC91-48D8-B410-AB75FC382056}.Release|x64.Build.0 = Release|Any CPU
		{FBB7B42E-AC91-48D8-B410-AB75FC382056}.Release|x86.ActiveCfg = Release|Any CPU
		{FBB7B42E-AC91-48D8-B410-AB75FC382056}.Release|x86.Build.0 = Release|Any CPU
		{154D340B-B3B8-4390-BE21-0AC6B583E2EA}.Debug|Any CPU.ActiveCfg = Debug|Any CPU
		{154D340B-B3B8-4390-BE21-0AC6B583E2EA}.Debug|Any CPU.Build.0 = Debug|Any CPU
		{154D340B-B3B8-4390-BE21-0AC6B583E2EA}.Debug|x64.ActiveCfg = Debug|Any CPU
		{154D340B-B3B8-4390-BE21-0AC6B583E2EA}.Debug|x64.Build.0 = Debug|Any CPU
		{154D340B-B3B8-4390-BE21-0AC6B583E2EA}.Debug|x86.ActiveCfg = Debug|Any CPU
		{154D340B-B3B8-4390-BE21-0AC6B583E2EA}.Debug|x86.Build.0 = Debug|Any CPU
		{154D340B-B3B8-4390-BE21-0AC6B583E2EA}.Release|Any CPU.ActiveCfg = Release|Any CPU
		{154D340B-B3B8-4390-BE21-0AC6B583E2EA}.Release|Any CPU.Build.0 = Release|Any CPU
		{154D340B-B3B8-4390-BE21-0AC6B583E2EA}.Release|x64.ActiveCfg = Release|Any CPU
		{154D340B-B3B8-4390-BE21-0AC6B583E2EA}.Release|x64.Build.0 = Release|Any CPU
		{154D340B-B3B8-4390-BE21-0AC6B583E2EA}.Release|x86.ActiveCfg = Release|Any CPU
		{154D340B-B3B8-4390-BE21-0AC6B583E2EA}.Release|x86.Build.0 = Release|Any CPU
		{99D07147-2764-434C-84DB-AE5532C39817}.Debug|Any CPU.ActiveCfg = Debug|Any CPU
		{99D07147-2764-434C-84DB-AE5532C39817}.Debug|Any CPU.Build.0 = Debug|Any CPU
		{99D07147-2764-434C-84DB-AE5532C39817}.Debug|x64.ActiveCfg = Debug|Any CPU
		{99D07147-2764-434C-84DB-AE5532C39817}.Debug|x64.Build.0 = Debug|Any CPU
		{99D07147-2764-434C-84DB-AE5532C39817}.Debug|x86.ActiveCfg = Debug|Any CPU
		{99D07147-2764-434C-84DB-AE5532C39817}.Debug|x86.Build.0 = Debug|Any CPU
		{99D07147-2764-434C-84DB-AE5532C39817}.Release|Any CPU.ActiveCfg = Release|Any CPU
		{99D07147-2764-434C-84DB-AE5532C39817}.Release|Any CPU.Build.0 = Release|Any CPU
		{99D07147-2764-434C-84DB-AE5532C39817}.Release|x64.ActiveCfg = Release|Any CPU
		{99D07147-2764-434C-84DB-AE5532C39817}.Release|x64.Build.0 = Release|Any CPU
		{99D07147-2764-434C-84DB-AE5532C39817}.Release|x86.ActiveCfg = Release|Any CPU
		{99D07147-2764-434C-84DB-AE5532C39817}.Release|x86.Build.0 = Release|Any CPU
		{3B3D46BF-B46D-4605-AC90-A5927C2E852E}.Debug|Any CPU.ActiveCfg = Debug|Any CPU
		{3B3D46BF-B46D-4605-AC90-A5927C2E852E}.Debug|Any CPU.Build.0 = Debug|Any CPU
		{3B3D46BF-B46D-4605-AC90-A5927C2E852E}.Debug|x64.ActiveCfg = Debug|Any CPU
		{3B3D46BF-B46D-4605-AC90-A5927C2E852E}.Debug|x64.Build.0 = Debug|Any CPU
		{3B3D46BF-B46D-4605-AC90-A5927C2E852E}.Debug|x86.ActiveCfg = Debug|Any CPU
		{3B3D46BF-B46D-4605-AC90-A5927C2E852E}.Debug|x86.Build.0 = Debug|Any CPU
		{3B3D46BF-B46D-4605-AC90-A5927C2E852E}.Release|Any CPU.ActiveCfg = Release|Any CPU
		{3B3D46BF-B46D-4605-AC90-A5927C2E852E}.Release|Any CPU.Build.0 = Release|Any CPU
		{3B3D46BF-B46D-4605-AC90-A5927C2E852E}.Release|x64.ActiveCfg = Release|Any CPU
		{3B3D46BF-B46D-4605-AC90-A5927C2E852E}.Release|x64.Build.0 = Release|Any CPU
		{3B3D46BF-B46D-4605-AC90-A5927C2E852E}.Release|x86.ActiveCfg = Release|Any CPU
		{3B3D46BF-B46D-4605-AC90-A5927C2E852E}.Release|x86.Build.0 = Release|Any CPU
	EndGlobalSection
	GlobalSection(SolutionProperties) = preSolution
		HideSolutionNode = FALSE
	EndGlobalSection
	GlobalSection(ExtensibilityGlobals) = postSolution
		SolutionGuid = {FAC69A72-3E7B-4C1A-B8C8-B487770557F9}
	EndGlobalSection
EndGlobal
